
Microsoft Visual Studio Solution File, Format Version 12.00
# Visual Studio Version 16
VisualStudioVersion = 16.0.29009.5
MinimumVisualStudioVersion = 10.0.40219.1
Project("{FAE04EC0-301F-11D3-BF4B-00C04F79EFBC}") = "Sistema.Entidades", "Sistema.Entidades\Sistema.Entidades.csproj", "{F39B9720-ED2D-4464-9F6D-8C3B60828AA6}"
EndProject
Project("{FAE04EC0-301F-11D3-BF4B-00C04F79EFBC}") = "Sistema.Datos", "Sistema.Datos\Sistema.Datos.csproj", "{3CF74A42-4036-4143-A31D-73FB6B4A2A2A}"
EndProject
Project("{FAE04EC0-301F-11D3-BF4B-00C04F79EFBC}") = "Sistema.Web", "Sistema.Web\Sistema.Web.csproj", "{4881D6DF-696E-45F5-BC8D-4C7BB652689D}"
EndProject
Global
	GlobalSection(SolutionConfigurationPlatforms) = preSolution
		Debug|Any CPU = Debug|Any CPU
		Release|Any CPU = Release|Any CPU
	EndGlobalSection
	GlobalSection(ProjectConfigurationPlatforms) = postSolution
		{F39B9720-ED2D-4464-9F6D-8C3B60828AA6}.Debug|Any CPU.ActiveCfg = Debug|Any CPU
		{F39B9720-ED2D-4464-9F6D-8C3B60828AA6}.Debug|Any CPU.Build.0 = Debug|Any CPU
		{F39B9720-ED2D-4464-9F6D-8C3B60828AA6}.Release|Any CPU.ActiveCfg = Release|Any CPU
		{F39B9720-ED2D-4464-9F6D-8C3B60828AA6}.Release|Any CPU.Build.0 = Release|Any CPU
		{3CF74A42-4036-4143-A31D-73FB6B4A2A2A}.Debug|Any CPU.ActiveCfg = Debug|Any CPU
		{3CF74A42-4036-4143-A31D-73FB6B4A2A2A}.Debug|Any CPU.Build.0 = Debug|Any CPU
		{3CF74A42-4036-4143-A31D-73FB6B4A2A2A}.Release|Any CPU.ActiveCfg = Release|Any CPU
		{3CF74A42-4036-4143-A31D-73FB6B4A2A2A}.Release|Any CPU.Build.0 = Release|Any CPU
		{4881D6DF-696E-45F5-BC8D-4C7BB652689D}.Debug|Any CPU.ActiveCfg = Debug|Any CPU
		{4881D6DF-696E-45F5-BC8D-4C7BB652689D}.Debug|Any CPU.Build.0 = Debug|Any CPU
		{4881D6DF-696E-45F5-BC8D-4C7BB652689D}.Release|Any CPU.ActiveCfg = Release|Any CPU
		{4881D6DF-696E-45F5-BC8D-4C7BB652689D}.Release|Any CPU.Build.0 = Release|Any CPU
	EndGlobalSection
	GlobalSection(SolutionProperties) = preSolution
		HideSolutionNode = FALSE
	EndGlobalSection
	GlobalSection(ExtensibilityGlobals) = postSolution
		SolutionGuid = {80AB0676-F595-4A26-B01E-7B7BD0EEFB4A}
	EndGlobalSection
EndGlobal
